<Solution>
  <Folder Name="/src/">
    <Project Path="src/TechStore.API/TechStore.API.csproj" />
    <Project Path="src/TechStore.Application/TechStore.Application.csproj" />
    <Project Path="src/TechStore.Data/TechStore.Data.csproj" />
    <Project Path="src/TechStore.Domain/TechStore.Domain.csproj" />
  </Folder>
  <Folder Name="/tests/">
    <Project Path="tests/TechStore.UnitTests/TechStore.UnitTests.csproj" />
  </Folder>
</Solution>
